
Microsoft Visual Studio Solution File, Format Version 12.00
# Visual Studio Version 17
VisualStudioVersion = 17.3.32825.248
MinimumVisualStudioVersion = 10.0.40219.1
Project("{9A19103F-16F7-4668-BE54-9A1E7A4F7556}") = "API", "..\API\API.csproj", "{3D822FB0-AA38-4FC3-B9A5-695B53C5C3AE}"
EndProject
Project("{9A19103F-16F7-4668-BE54-9A1E7A4F7556}") = "DAL", "..\DAL\DAL.csproj", "{DB8863FA-AAB7-454A-A4B7-FAF2FAD79249}"
EndProject
Project("{9A19103F-16F7-4668-BE54-9A1E7A4F7556}") = "WebApp", "..\WebApp\WebApp.csproj", "{21DF847F-9AD9-4FA7-844B-2B0A76E78DD4}"
EndProject
Project("{9A19103F-16F7-4668-BE54-9A1E7A4F7556}") = "BulkUpload", "BulkUpload\BulkUpload.csproj", "{5860EB0A-7CCE-4660-95E1-1DDCCF1646AB}"
EndProject
Project("{FAE04EC0-301F-11D3-BF4B-00C04F79EFBC}") = "WordSearcher", "WordSearcher\WordSearcher.csproj", "{94B8BEAF-5F0B-490D-800D-D8D0E95DE93A}"
EndProject
Global
	GlobalSection(SolutionConfigurationPlatforms) = preSolution
		Debug|Any CPU = Debug|Any CPU
		Release|Any CPU = Release|Any CPU
	EndGlobalSection
	GlobalSection(ProjectConfigurationPlatforms) = postSolution
		{3D822FB0-AA38-4FC3-B9A5-695B53C5C3AE}.Debug|Any CPU.ActiveCfg = Debug|Any CPU
		{3D822FB0-AA38-4FC3-B9A5-695B53C5C3AE}.Debug|Any CPU.Build.0 = Debug|Any CPU
		{3D822FB0-AA38-4FC3-B9A5-695B53C5C3AE}.Release|Any CPU.ActiveCfg = Release|Any CPU
		{3D822FB0-AA38-4FC3-B9A5-695B53C5C3AE}.Release|Any CPU.Build.0 = Release|Any CPU
		{DB8863FA-AAB7-454A-A4B7-FAF2FAD79249}.Debug|Any CPU.ActiveCfg = Debug|Any CPU
		{DB8863FA-AAB7-454A-A4B7-FAF2FAD79249}.Debug|Any CPU.Build.0 = Debug|Any CPU
		{DB8863FA-AAB7-454A-A4B7-FAF2FAD79249}.Release|Any CPU.ActiveCfg = Release|Any CPU
		{DB8863FA-AAB7-454A-A4B7-FAF2FAD79249}.Release|Any CPU.Build.0 = Release|Any CPU
		{21DF847F-9AD9-4FA7-844B-2B0A76E78DD4}.Debug|Any CPU.ActiveCfg = Debug|Any CPU
		{21DF847F-9AD9-4FA7-844B-2B0A76E78DD4}.Debug|Any CPU.Build.0 = Debug|Any CPU
		{21DF847F-9AD9-4FA7-844B-2B0A76E78DD4}.Release|Any CPU.ActiveCfg = Release|Any CPU
		{21DF847F-9AD9-4FA7-844B-2B0A76E78DD4}.Release|Any CPU.Build.0 = Release|Any CPU
		{5860EB0A-7CCE-4660-95E1-1DDCCF1646AB}.Debug|Any CPU.ActiveCfg = Debug|Any CPU
		{5860EB0A-7CCE-4660-95E1-1DDCCF1646AB}.Debug|Any CPU.Build.0 = Debug|Any CPU
		{5860EB0A-7CCE-4660-95E1-1DDCCF1646AB}.Release|Any CPU.ActiveCfg = Release|Any CPU
		{5860EB0A-7CCE-4660-95E1-1DDCCF1646AB}.Release|Any CPU.Build.0 = Release|Any CPU
		{94B8BEAF-5F0B-490D-800D-D8D0E95DE93A}.Debug|Any CPU.ActiveCfg = Debug|Any CPU
		{94B8BEAF-5F0B-490D-800D-D8D0E95DE93A}.Debug|Any CPU.Build.0 = Debug|Any CPU
		{94B8BEAF-5F0B-490D-800D-D8D0E95DE93A}.Release|Any CPU.ActiveCfg = Release|Any CPU
		{94B8BEAF-5F0B-490D-800D-D8D0E95DE93A}.Release|Any CPU.Build.0 = Release|Any CPU
	EndGlobalSection
	GlobalSection(SolutionProperties) = preSolution
		HideSolutionNode = FALSE
	EndGlobalSection
	GlobalSection(ExtensibilityGlobals) = postSolution
		SolutionGuid = {4187B470-CA63-4489-BD8C-CCC894AB08E8}
	EndGlobalSection
EndGlobal
